
Microsoft Visual Studio Solution File, Format Version 12.00
# Visual Studio 15
VisualStudioVersion = 15.0.28307.168
MinimumVisualStudioVersion = 10.0.40219.1
Project("{FAE04EC0-301F-11D3-BF4B-00C04F79EFBC}") = "872", "872\872.csproj", "{8F19E1E1-66E1-4E92-9FD2-4464A2590679}"
EndProject
Global
	GlobalSection(SolutionConfigurationPlatforms) = preSolution
		Debug|Any CPU = Debug|Any CPU
		Release|Any CPU = Release|Any CPU
	EndGlobalSection
	GlobalSection(ProjectConfigurationPlatforms) = postSolution
		{8F19E1E1-66E1-4E92-9FD2-4464A2590679}.Debug|Any CPU.ActiveCfg = Debug|Any CPU
		{8F19E1E1-66E1-4E92-9FD2-4464A2590679}.Debug|Any CPU.Build.0 = Debug|Any CPU
		{8F19E1E1-66E1-4E92-9FD2-4464A2590679}.Release|Any CPU.ActiveCfg = Release|Any CPU
		{8F19E1E1-66E1-4E92-9FD2-4464A2590679}.Release|Any CPU.Build.0 = Release|Any CPU
	EndGlobalSection
	GlobalSection(SolutionProperties) = preSolution
		HideSolutionNode = FALSE
	EndGlobalSection
	GlobalSection(ExtensibilityGlobals) = postSolution
		SolutionGuid = {5ADB40E2-FC4D-40EF-83C6-C0959EF943C1}
	EndGlobalSection
EndGlobal
